
Microsoft Visual Studio Solution File, Format Version 12.00
# Visual Studio 15
Project("{FAE04EC0-301F-11D3-BF4B-00C04F79EFBC}") = "SteamVR", "SteamVR.csproj", "{499BA07F-F761-CC50-30B9-4399E770D39A}"
EndProject
Project("{FAE04EC0-301F-11D3-BF4B-00C04F79EFBC}") = "SteamVR_Actions", "SteamVR_Actions.csproj", "{3D8689DD-4583-A7FF-0F89-63D24F51C96F}"
EndProject
Project("{FAE04EC0-301F-11D3-BF4B-00C04F79EFBC}") = "Assembly-CSharp", "Assembly-CSharp.csproj", "{A9788F51-C404-085D-96A7-607D24D671C2}"
EndProject
Project("{FAE04EC0-301F-11D3-BF4B-00C04F79EFBC}") = "SteamVR_Editor", "SteamVR_Editor.csproj", "{D416B53A-31B5-6EAD-C6A1-4D864DF5757F}"
EndProject
Project("{FAE04EC0-301F-11D3-BF4B-00C04F79EFBC}") = "SteamVR_Input_Editor", "SteamVR_Input_Editor.csproj", "{5E36C386-1B26-DC3F-9C4A-E17336EC4B0C}"
EndProject
Project("{FAE04EC0-301F-11D3-BF4B-00C04F79EFBC}") = "SteamVR_Windows_EditorHelper", "SteamVR_Windows_EditorHelper.csproj", "{D2F71D0A-A0F8-5E7B-52B7-C7DFCF04444B}"
EndProject
Global
	GlobalSection(SolutionConfigurationPlatforms) = preSolution
		Debug|Any CPU = Debug|Any CPU
		Release|Any CPU = Release|Any CPU
	EndGlobalSection
	GlobalSection(ProjectConfigurationPlatforms) = postSolution
		{499BA07F-F761-CC50-30B9-4399E770D39A}.Debug|Any CPU.ActiveCfg = Debug|Any CPU
		{499BA07F-F761-CC50-30B9-4399E770D39A}.Debug|Any CPU.Build.0 = Debug|Any CPU
		{499BA07F-F761-CC50-30B9-4399E770D39A}.Release|Any CPU.ActiveCfg = Release|Any CPU
		{499BA07F-F761-CC50-30B9-4399E770D39A}.Release|Any CPU.Build.0 = Release|Any CPU
		{3D8689DD-4583-A7FF-0F89-63D24F51C96F}.Debug|Any CPU.ActiveCfg = Debug|Any CPU
		{3D8689DD-4583-A7FF-0F89-63D24F51C96F}.Debug|Any CPU.Build.0 = Debug|Any CPU
		{3D8689DD-4583-A7FF-0F89-63D24F51C96F}.Release|Any CPU.ActiveCfg = Release|Any CPU
		{3D8689DD-4583-A7FF-0F89-63D24F51C96F}.Release|Any CPU.Build.0 = Release|Any CPU
		{A9788F51-C404-085D-96A7-607D24D671C2}.Debug|Any CPU.ActiveCfg = Debug|Any CPU
		{A9788F51-C404-085D-96A7-607D24D671C2}.Debug|Any CPU.Build.0 = Debug|Any CPU
		{A9788F51-C404-085D-96A7-607D24D671C2}.Release|Any CPU.ActiveCfg = Release|Any CPU
		{A9788F51-C404-085D-96A7-607D24D671C2}.Release|Any CPU.Build.0 = Release|Any CPU
		{D416B53A-31B5-6EAD-C6A1-4D864DF5757F}.Debug|Any CPU.ActiveCfg = Debug|Any CPU
		{D416B53A-31B5-6EAD-C6A1-4D864DF5757F}.Debug|Any CPU.Build.0 = Debug|Any CPU
		{D416B53A-31B5-6EAD-C6A1-4D864DF5757F}.Release|Any CPU.ActiveCfg = Release|Any CPU
		{D416B53A-31B5-6EAD-C6A1-4D864DF5757F}.Release|Any CPU.Build.0 = Release|Any CPU
		{5E36C386-1B26-DC3F-9C4A-E17336EC4B0C}.Debug|Any CPU.ActiveCfg = Debug|Any CPU
		{5E36C386-1B26-DC3F-9C4A-E17336EC4B0C}.Debug|Any CPU.Build.0 = Debug|Any CPU
		{5E36C386-1B26-DC3F-9C4A-E17336EC4B0C}.Release|Any CPU.ActiveCfg = Release|Any CPU
		{5E36C386-1B26-DC3F-9C4A-E17336EC4B0C}.Release|Any CPU.Build.0 = Release|Any CPU
		{D2F71D0A-A0F8-5E7B-52B7-C7DFCF04444B}.Debug|Any CPU.ActiveCfg = Debug|Any CPU
		{D2F71D0A-A0F8-5E7B-52B7-C7DFCF04444B}.Debug|Any CPU.Build.0 = Debug|Any CPU
		{D2F71D0A-A0F8-5E7B-52B7-C7DFCF04444B}.Release|Any CPU.ActiveCfg = Release|Any CPU
		{D2F71D0A-A0F8-5E7B-52B7-C7DFCF04444B}.Release|Any CPU.Build.0 = Release|Any CPU
	EndGlobalSection
	GlobalSection(SolutionProperties) = preSolution
		HideSolutionNode = FALSE
	EndGlobalSection
EndGlobal
